PODS:
  - BlueBoxCat (0.1.0)
  - BoxCat (1.0)
  - RedBoxCat (0.1.0)

DEPENDENCIES:
  - BlueBoxCat (from `./ResourcePods/BlueBoxCat`)
  - BoxCat (from `../`)
  - RedBoxCat (from `./ResourcePods/RedBoxCat`)

EXTERNAL SOURCES:
  BlueBoxCat:
    :path: "./ResourcePods/BlueBoxCat"
  BoxCat:
    :path: "../"
  RedBoxCat:
    :path: "./ResourcePods/RedBoxCat"

SPEC CHECKSUMS:
  BlueBoxCat: 55c23c83873e35092667e72f4fe76a76c6cf10a8
  BoxCat: ce08e9f5df59d50927a08fb103440364adc00b21
  RedBoxCat: 9a9ac3f63130a2b207eba05089b9eb72c94525de

PODFILE CHECKSUM: c8ac070a354a47432a36fb5a98f22c36882b40ed

COCOAPODS: 1.1.1
